
Microsoft Visual Studio Solution File, Format Version 11.00
# Visual Studio 2010
Project("{FAE04EC0-301F-11D3-BF4B-00C04F79EFBC}") = "Palindromico", "Palindromico\Palindromico.csproj", "{7E3F1AB2-C08A-4ABF-916F-BA1ADD3B2510}"
EndProject
Project("{FAE04EC0-301F-11D3-BF4B-00C04F79EFBC}") = "Palindromico.Tests", "Palindromico.Tests\Palindromico.Tests.csproj", "{6824FDB5-442C-4E91-8E92-BE52DADDFC66}"
EndProject
Global
	GlobalSection(SolutionConfigurationPlatforms) = preSolution
		Debug|Any CPU = Debug|Any CPU
		Release|Any CPU = Release|Any CPU
	EndGlobalSection
	GlobalSection(ProjectConfigurationPlatforms) = postSolution
		{7E3F1AB2-C08A-4ABF-916F-BA1ADD3B2510}.Debug|Any CPU.ActiveCfg = Debug|Any CPU
		{7E3F1AB2-C08A-4ABF-916F-BA1ADD3B2510}.Debug|Any CPU.Build.0 = Debug|Any CPU
		{7E3F1AB2-C08A-4ABF-916F-BA1ADD3B2510}.Release|Any CPU.ActiveCfg = Release|Any CPU
		{7E3F1AB2-C08A-4ABF-916F-BA1ADD3B2510}.Release|Any CPU.Build.0 = Release|Any CPU
		{6824FDB5-442C-4E91-8E92-BE52DADDFC66}.Debug|Any CPU.ActiveCfg = Debug|Any CPU
		{6824FDB5-442C-4E91-8E92-BE52DADDFC66}.Debug|Any CPU.Build.0 = Debug|Any CPU
		{6824FDB5-442C-4E91-8E92-BE52DADDFC66}.Release|Any CPU.ActiveCfg = Release|Any CPU
		{6824FDB5-442C-4E91-8E92-BE52DADDFC66}.Release|Any CPU.Build.0 = Release|Any CPU
	EndGlobalSection
	GlobalSection(SolutionProperties) = preSolution
		HideSolutionNode = FALSE
	EndGlobalSection
EndGlobal
